
Microsoft Visual Studio Solution File, Format Version 12.00
# Visual Studio Version 17
VisualStudioVersion = 17.9.34607.119
MinimumVisualStudioVersion = 10.0.40219.1
Project("{9A19103F-16F7-4668-BE54-9A1E7A4F7556}") = "EGOIST.Domain", "EGOIST.Domain\EGOIST.Domain.csproj", "{5D6390E0-58DA-4AA8-A707-F0F20DD83885}"
EndProject
Project("{9A19103F-16F7-4668-BE54-9A1E7A4F7556}") = "EGOIST.Application", "EGOIST.Application\EGOIST.Application.csproj", "{8FD24D02-1667-481B-A41F-C28FA97CB237}"
EndProject
Project("{9A19103F-16F7-4668-BE54-9A1E7A4F7556}") = "EGOIST.Infrastructure", "EGOIST.Infrastructure\EGOIST.Infrastructure.csproj", "{68810FAC-691F-4605-BFBA-773FF518E2B3}"
EndProject
Project("{9A19103F-16F7-4668-BE54-9A1E7A4F7556}") = "EGOIST.Presentation.UI", "EGOIST.Presentation.UI\EGOIST.Presentation.UI.csproj", "{3D93FCB1-03F5-41AB-9FAB-C8AABB737EA0}"
EndProject
Project("{9A19103F-16F7-4668-BE54-9A1E7A4F7556}") = "EGOIST.Deparcated", "..\X\EGOIST\EGOIST.Deparcated\EGOIST.Deparcated.csproj", "{52498D0D-5D04-4C6E-B84C-D060C4883D5B}"
EndProject
Global
	GlobalSection(SolutionConfigurationPlatforms) = preSolution
		Debug|Any CPU = Debug|Any CPU
		Release|Any CPU = Release|Any CPU
	EndGlobalSection
	GlobalSection(ProjectConfigurationPlatforms) = postSolution
		{5D6390E0-58DA-4AA8-A707-F0F20DD83885}.Debug|Any CPU.ActiveCfg = Debug|Any CPU
		{5D6390E0-58DA-4AA8-A707-F0F20DD83885}.Debug|Any CPU.Build.0 = Debug|Any CPU
		{5D6390E0-58DA-4AA8-A707-F0F20DD83885}.Release|Any CPU.ActiveCfg = Release|Any CPU
		{5D6390E0-58DA-4AA8-A707-F0F20DD83885}.Release|Any CPU.Build.0 = Release|Any CPU
		{8FD24D02-1667-481B-A41F-C28FA97CB237}.Debug|Any CPU.ActiveCfg = Debug|Any CPU
		{8FD24D02-1667-481B-A41F-C28FA97CB237}.Debug|Any CPU.Build.0 = Debug|Any CPU
		{8FD24D02-1667-481B-A41F-C28FA97CB237}.Release|Any CPU.ActiveCfg = Release|Any CPU
		{8FD24D02-1667-481B-A41F-C28FA97CB237}.Release|Any CPU.Build.0 = Release|Any CPU
		{68810FAC-691F-4605-BFBA-773FF518E2B3}.Debug|Any CPU.ActiveCfg = Debug|Any CPU
		{68810FAC-691F-4605-BFBA-773FF518E2B3}.Debug|Any CPU.Build.0 = Debug|Any CPU
		{68810FAC-691F-4605-BFBA-773FF518E2B3}.Release|Any CPU.ActiveCfg = Release|Any CPU
		{68810FAC-691F-4605-BFBA-773FF518E2B3}.Release|Any CPU.Build.0 = Release|Any CPU
		{3D93FCB1-03F5-41AB-9FAB-C8AABB737EA0}.Debug|Any CPU.ActiveCfg = Debug|Any CPU
		{3D93FCB1-03F5-41AB-9FAB-C8AABB737EA0}.Debug|Any CPU.Build.0 = Debug|Any CPU
		{3D93FCB1-03F5-41AB-9FAB-C8AABB737EA0}.Release|Any CPU.ActiveCfg = Release|Any CPU
		{3D93FCB1-03F5-41AB-9FAB-C8AABB737EA0}.Release|Any CPU.Build.0 = Release|Any CPU
		{52498D0D-5D04-4C6E-B84C-D060C4883D5B}.Debug|Any CPU.ActiveCfg = Debug|Any CPU
		{52498D0D-5D04-4C6E-B84C-D060C4883D5B}.Debug|Any CPU.Build.0 = Debug|Any CPU
		{52498D0D-5D04-4C6E-B84C-D060C4883D5B}.Release|Any CPU.ActiveCfg = Release|Any CPU
		{52498D0D-5D04-4C6E-B84C-D060C4883D5B}.Release|Any CPU.Build.0 = Release|Any CPU
	EndGlobalSection
	GlobalSection(SolutionProperties) = preSolution
		HideSolutionNode = FALSE
	EndGlobalSection
EndGlobal
